
Microsoft Visual Studio Solution File, Format Version 12.00
# Visual Studio Version 17
VisualStudioVersion = 17.2.32630.192
MinimumVisualStudioVersion = 10.0.40219.1
Project("{FAE04EC0-301F-11D3-BF4B-00C04F79EFBC}") = "SpeechServices", "SpeechServices\SpeechServices.csproj", "{D38239E1-7584-4034-A910-892B72458D31}"
EndProject
Global
	GlobalSection(SolutionConfigurationPlatforms) = preSolution
		Debug|Any CPU = Debug|Any CPU
		Release|Any CPU = Release|Any CPU
	EndGlobalSection
	GlobalSection(ProjectConfigurationPlatforms) = postSolution
		{D38239E1-7584-4034-A910-892B72458D31}.Debug|Any CPU.ActiveCfg = Debug|Any CPU
		{D38239E1-7584-4034-A910-892B72458D31}.Debug|Any CPU.Build.0 = Debug|Any CPU
		{D38239E1-7584-4034-A910-892B72458D31}.Release|Any CPU.ActiveCfg = Release|Any CPU
		{D38239E1-7584-4034-A910-892B72458D31}.Release|Any CPU.Build.0 = Release|Any CPU
	EndGlobalSection
	GlobalSection(SolutionProperties) = preSolution
		HideSolutionNode = FALSE
	EndGlobalSection
	GlobalSection(ExtensibilityGlobals) = postSolution
		SolutionGuid = {711B97A6-A473-44AF-9A95-95DD5EE0D9A6}
	EndGlobalSection
EndGlobal
